
Microsoft Visual Studio Solution File, Format Version 12.00
# Visual Studio 15
VisualStudioVersion = 15.0.27703.2047
MinimumVisualStudioVersion = 10.0.40219.1
Project("{2150E333-8FDC-42A3-9474-1A3956D46DE8}") = "src", "src", "{824BD40E-A794-4102-9B9B-38790077F794}"
EndProject
Project("{9A19103F-16F7-4668-BE54-9A1E7A4F7556}") = "SeoSocial", "src\SeoSocial.csproj", "{0680F1D3-F9F7-48AC-BEC0-53536832A7BE}"
EndProject
Global
	GlobalSection(SolutionConfigurationPlatforms) = preSolution
		Debug|Any CPU = Debug|Any CPU
		Release|Any CPU = Release|Any CPU
	EndGlobalSection
	GlobalSection(ProjectConfigurationPlatforms) = postSolution
		{0680F1D3-F9F7-48AC-BEC0-53536832A7BE}.Debug|Any CPU.ActiveCfg = Debug|Any CPU
		{0680F1D3-F9F7-48AC-BEC0-53536832A7BE}.Debug|Any CPU.Build.0 = Debug|Any CPU
		{0680F1D3-F9F7-48AC-BEC0-53536832A7BE}.Release|Any CPU.ActiveCfg = Release|Any CPU
		{0680F1D3-F9F7-48AC-BEC0-53536832A7BE}.Release|Any CPU.Build.0 = Release|Any CPU
	EndGlobalSection
	GlobalSection(SolutionProperties) = preSolution
		HideSolutionNode = FALSE
	EndGlobalSection
	GlobalSection(NestedProjects) = preSolution
		{0680F1D3-F9F7-48AC-BEC0-53536832A7BE} = {824BD40E-A794-4102-9B9B-38790077F794}
	EndGlobalSection
	GlobalSection(ExtensibilityGlobals) = postSolution
		SolutionGuid = {CBB4566F-6CB3-4676-8937-710DAFDF1D98}
	EndGlobalSection
EndGlobal
